{
  "name": "codeeditor",
  "version": "1.0.0",
  "lockfileVersion": 1,
  "requires": true,
  "dependencies": {
    "codemirror": {
      "version": "5.58.3",
      "resolved": "https://registry.npmjs.org/codemirror/-/codemirror-5.58.3.tgz",
      "integrity": "sha512-KBhB+juiyOOgn0AqtRmWyAT3yoElkuvWTI6hsHa9E6GQrl6bk/fdAYcvuqW1/upO9T9rtEtapWdw4XYcNiVDEA=="
    },
    "jquery": {
      "version": "3.5.1",
      "resolved": "https://registry.npmjs.org/jquery/-/jquery-3.5.1.tgz",
      "integrity": "sha512-XwIBPqcMn57FxfT+Go5pzySnm4KWkT1Tv7gjrpT1srtf8Weynl6R273VJ5GjkRb51IzMp5nbaPjJXMWeju2MKg=="
    },
    "yarn": {
      "version": "1.22.10",
      "resolved": "https://registry.npmjs.org/yarn/-/yarn-1.22.10.tgz",
      "integrity": "sha512-IanQGI9RRPAN87VGTF7zs2uxkSyQSrSPsju0COgbsKQOOXr5LtcVPeyXWgwVa0ywG3d8dg6kSYKGBuYK021qeA=="
    }
  }
}
